// !$*UTF8*$!
{
	archiveVersion = 1;
	classes = {
	};
	objectVersion = 46;
	objects = {

/* Begin PBXBuildFile section */
		88361FBC19E48E440084093F /* main.m in Sources */ = {isa = PBXBuildFile; fileRef = 88361FBB19E48E440084093F /* main.m */; };
		88361FBF19E48E440084093F /* AppDelegate.m in Sources */ = {isa = PBXBuildFile; fileRef = 88361FBE19E48E440084093F /* AppDelegate.m */; };
		88361FC219E48E440084093F /* LogInViewController.m in Sources */ = {isa = PBXBuildFile; fileRef = 88361FC119E48E440084093F /* LogInViewController.m */; };
		88361FC519E48E440084093F /* Main.storyboard in Resources */ = {isa = PBXBuildFile; fileRef = 88361FC319E48E440084093F /* Main.storyboard */; };
		88361FC719E48E440084093F /* Images.xcassets in Resources */ = {isa = PBXBuildFile; fileRef = 88361FC619E48E440084093F /* Images.xcassets */; };
		88361FCA19E48E440084093F /* LaunchScreen.xib in Resources */ = {isa = PBXBuildFile; fileRef = 88361FC819E48E440084093F /* LaunchScreen.xib */; };
		88361FD619E48E440084093F /* TheLearningVillageTests.m in Sources */ = {isa = PBXBuildFile; fileRef = 88361FD519E48E440084093F /* TheLearningVillageTests.m */; };
		8856C82A19E9F75B00CBE5A4 /* TLV001_SCR_001.png in Resources */ = {isa = PBXBuildFile; fileRef = 8856C81A19E9F75B00CBE5A4 /* TLV001_SCR_001.png */; };
		8856C82B19E9F75B00CBE5A4 /* TLV001_SCR_002.png in Resources */ = {isa = PBXBuildFile; fileRef = 8856C81B19E9F75B00CBE5A4 /* TLV001_SCR_002.png */; };
		8856C82C19E9F75B00CBE5A4 /* TLV001_SCR_004.png in Resources */ = {isa = PBXBuildFile; fileRef = 8856C81C19E9F75B00CBE5A4 /* TLV001_SCR_004.png */; };
		8856C82D19E9F75B00CBE5A4 /* TLV001_SCR_005.png in Resources */ = {isa = PBXBuildFile; fileRef = 8856C81D19E9F75B00CBE5A4 /* TLV001_SCR_005.png */; };
		8856C82E19E9F75B00CBE5A4 /* TLV001_SCR_005b.png in Resources */ = {isa = PBXBuildFile; fileRef = 8856C81E19E9F75B00CBE5A4 /* TLV001_SCR_005b.png */; };
		8856C82F19E9F75B00CBE5A4 /* TLV001_SCR_006.png in Resources */ = {isa = PBXBuildFile; fileRef = 8856C81F19E9F75B00CBE5A4 /* TLV001_SCR_006.png */; };
		8856C83019E9F75B00CBE5A4 /* TLV001_SCR_007.png in Resources */ = {isa = PBXBuildFile; fileRef = 8856C82019E9F75B00CBE5A4 /* TLV001_SCR_007.png */; };
		8856C83119E9F75B00CBE5A4 /* TLV001_SCR_008.png in Resources */ = {isa = PBXBuildFile; fileRef = 8856C82119E9F75B00CBE5A4 /* TLV001_SCR_008.png */; };
		8856C83219E9F75B00CBE5A4 /* TLV001_SCR_009.png in Resources */ = {isa = PBXBuildFile; fileRef = 8856C82219E9F75B00CBE5A4 /* TLV001_SCR_009.png */; };
		8856C83319E9F75B00CBE5A4 /* TLV001_SCR_010.png in Resources */ = {isa = PBXBuildFile; fileRef = 8856C82319E9F75B00CBE5A4 /* TLV001_SCR_010.png */; };
		8856C83419E9F75B00CBE5A4 /* TLV001_SCR_011.png in Resources */ = {isa = PBXBuildFile; fileRef = 8856C82419E9F75B00CBE5A4 /* TLV001_SCR_011.png */; };
		8856C83519E9F75B00CBE5A4 /* TLV001_SCR_012.png in Resources */ = {isa = PBXBuildFile; fileRef = 8856C82519E9F75B00CBE5A4 /* TLV001_SCR_012.png */; };
		8856C83619E9F75B00CBE5A4 /* TLV001_SCR_013.png in Resources */ = {isa = PBXBuildFile; fileRef = 8856C82619E9F75B00CBE5A4 /* TLV001_SCR_013.png */; };
		8856C83719E9F75B00CBE5A4 /* TLV001_SCR_014.png in Resources */ = {isa = PBXBuildFile; fileRef = 8856C82719E9F75B00CBE5A4 /* TLV001_SCR_014.png */; };
		8856C83819E9F75B00CBE5A4 /* TLV001_SCR_015.png in Resources */ = {isa = PBXBuildFile; fileRef = 8856C82819E9F75B00CBE5A4 /* TLV001_SCR_015.png */; };
		8856C83919E9F75B00CBE5A4 /* TLV001_SCR_016.png in Resources */ = {isa = PBXBuildFile; fileRef = 8856C82919E9F75B00CBE5A4 /* TLV001_SCR_016.png */; };
		8856C86E19EA1AF400CBE5A4 /* DAVBaseRequest.m in Sources */ = {isa = PBXBuildFile; fileRef = 8856C84519EA1AF400CBE5A4 /* DAVBaseRequest.m */; };
		8856C86F19EA1AF400CBE5A4 /* DAVCredentials.m in Sources */ = {isa = PBXBuildFile; fileRef = 8856C84719EA1AF400CBE5A4 /* DAVCredentials.m */; };
		8856C87019EA1AF400CBE5A4 /* DAVListingParser.m in Sources */ = {isa = PBXBuildFile; fileRef = 8856C84A19EA1AF400CBE5A4 /* DAVListingParser.m */; };
		8856C87119EA1AF400CBE5A4 /* DAVRequest.m in Sources */ = {isa = PBXBuildFile; fileRef = 8856C84D19EA1AF400CBE5A4 /* DAVRequest.m */; };
		8856C87219EA1AF400CBE5A4 /* DAVRequestGroup.m in Sources */ = {isa = PBXBuildFile; fileRef = 8856C84F19EA1AF400CBE5A4 /* DAVRequestGroup.m */; };
		8856C87319EA1AF400CBE5A4 /* DAVRequests.m in Sources */ = {isa = PBXBuildFile; fileRef = 8856C85119EA1AF400CBE5A4 /* DAVRequests.m */; };
		8856C87419EA1AF400CBE5A4 /* DAVResponseItem.m in Sources */ = {isa = PBXBuildFile; fileRef = 8856C85319EA1AF400CBE5A4 /* DAVResponseItem.m */; };
		8856C87519EA1AF400CBE5A4 /* DAVSession.m in Sources */ = {isa = PBXBuildFile; fileRef = 8856C85519EA1AF400CBE5A4 /* DAVSession.m */; };
		8856C87619EA1AF400CBE5A4 /* ISO8601DateFormatter.m in Sources */ = {isa = PBXBuildFile; fileRef = 8856C85819EA1AF400CBE5A4 /* ISO8601DateFormatter.m */; };
		8856C87719EA1AF400CBE5A4 /* LICENSE.txt in Resources */ = {isa = PBXBuildFile; fileRef = 8856C85919EA1AF400CBE5A4 /* LICENSE.txt */; };
		8856C87819EA1AF400CBE5A4 /* NSDateRFC1123.m in Sources */ = {isa = PBXBuildFile; fileRef = 8856C85C19EA1AF400CBE5A4 /* NSDateRFC1123.m */; };
		8856C87919EA1AF400CBE5A4 /* AMkColTest.m in Sources */ = {isa = PBXBuildFile; fileRef = 8856C85F19EA1AF400CBE5A4 /* AMkColTest.m */; };
		8856C87A19EA1AF400CBE5A4 /* BPutTest.m in Sources */ = {isa = PBXBuildFile; fileRef = 8856C86119EA1AF400CBE5A4 /* BPutTest.m */; };
		8856C87B19EA1AF400CBE5A4 /* CGetTest.m in Sources */ = {isa = PBXBuildFile; fileRef = 8856C86319EA1AF400CBE5A4 /* CGetTest.m */; };
		8856C87C19EA1AF400CBE5A4 /* DAVTest.m in Sources */ = {isa = PBXBuildFile; fileRef = 8856C86519EA1AF400CBE5A4 /* DAVTest.m */; };
		8856C87D19EA1AF400CBE5A4 /* DCopyTest.m in Sources */ = {isa = PBXBuildFile; fileRef = 8856C86719EA1AF400CBE5A4 /* DCopyTest.m */; };
		8856C87E19EA1AF400CBE5A4 /* EMoveTest.m in Sources */ = {isa = PBXBuildFile; fileRef = 8856C86919EA1AF400CBE5A4 /* EMoveTest.m */; };
		8856C87F19EA1AF400CBE5A4 /* FListTest.m in Sources */ = {isa = PBXBuildFile; fileRef = 8856C86B19EA1AF400CBE5A4 /* FListTest.m */; };
		8856C88019EA1AF400CBE5A4 /* GDeleteTest.m in Sources */ = {isa = PBXBuildFile; fileRef = 8856C86D19EA1AF400CBE5A4 /* GDeleteTest.m */; };
/* End PBXBuildFile section */

/* Begin PBXContainerItemProxy section */
		88361FD019E48E440084093F /* PBXContainerItemProxy */ = {
			isa = PBXContainerItemProxy;
			containerPortal = 88361FAE19E48E440084093F /* Project object */;
			proxyType = 1;
			remoteGlobalIDString = 88361FB519E48E440084093F;
			remoteInfo = TheLearningVillage;
		};
/* End PBXContainerItemProxy section */

/* Begin PBXFileReference section */
		88361FB619E48E440084093F /* TheLearningVillage.app */ = {isa = PBXFileReference; explicitFileType = wrapper.application; includeInIndex = 0; path = TheLearningVillage.app; sourceTree = BUILT_PRODUCTS_DIR; };
		88361FBA19E48E440084093F /* Info.plist */ = {isa = PBXFileReference; lastKnownFileType = text.plist.xml; path = Info.plist; sourceTree = "<group>"; };
		88361FBB19E48E440084093F /* main.m */ = {isa = PBXFileReference; lastKnownFileType = sourcecode.c.objc; path = main.m; sourceTree = "<group>"; };
		88361FBD19E48E440084093F /* AppDelegate.h */ = {isa = PBXFileReference; lastKnownFileType = sourcecode.c.h; path = AppDelegate.h; sourceTree = "<group>"; };
		88361FBE19E48E440084093F /* AppDelegate.m */ = {isa = PBXFileReference; lastKnownFileType = sourcecode.c.objc; path = AppDelegate.m; sourceTree = "<group>"; };
		88361FC019E48E440084093F /* LogInViewController.h */ = {isa = PBXFileReference; lastKnownFileType = sourcecode.c.h; path = LogInViewController.h; sourceTree = "<group>"; };
		88361FC119E48E440084093F /* LogInViewController.m */ = {isa = PBXFileReference; lastKnownFileType = sourcecode.c.objc; path = LogInViewController.m; sourceTree = "<group>"; };
		88361FC419E48E440084093F /* Base */ = {isa = PBXFileReference; lastKnownFileType = file.storyboard; name = Base; path = Base.lproj/Main.storyboard; sourceTree = "<group>"; };
		88361FC619E48E440084093F /* Images.xcassets */ = {isa = PBXFileReference; lastKnownFileType = folder.assetcatalog; path = Images.xcassets; sourceTree = "<group>"; };
		88361FC919E48E440084093F /* Base */ = {isa = PBXFileReference; lastKnownFileType = file.xib; name = Base; path = Base.lproj/LaunchScreen.xib; sourceTree = "<group>"; };
		88361FCF19E48E440084093F /* TheLearningVillageTests.xctest */ = {isa = PBXFileReference; explicitFileType = wrapper.cfbundle; includeInIndex = 0; path = TheLearningVillageTests.xctest; sourceTree = BUILT_PRODUCTS_DIR; };
		88361FD419E48E440084093F /* Info.plist */ = {isa = PBXFileReference; lastKnownFileType = text.plist.xml; path = Info.plist; sourceTree = "<group>"; };
		88361FD519E48E440084093F /* TheLearningVillageTests.m */ = {isa = PBXFileReference; lastKnownFileType = sourcecode.c.objc; path = TheLearningVillageTests.m; sourceTree = "<group>"; };
		8856C81A19E9F75B00CBE5A4 /* TLV001_SCR_001.png */ = {isa = PBXFileReference; lastKnownFileType = image.png; path = TLV001_SCR_001.png; sourceTree = "<group>"; };
		8856C81B19E9F75B00CBE5A4 /* TLV001_SCR_002.png */ = {isa = PBXFileReference; lastKnownFileType = image.png; path = TLV001_SCR_002.png; sourceTree = "<group>"; };
		8856C81C19E9F75B00CBE5A4 /* TLV001_SCR_004.png */ = {isa = PBXFileReference; lastKnownFileType = image.png; path = TLV001_SCR_004.png; sourceTree = "<group>"; };
		8856C81D19E9F75B00CBE5A4 /* TLV001_SCR_005.png */ = {isa = PBXFileReference; lastKnownFileType = image.png; path = TLV001_SCR_005.png; sourceTree = "<group>"; };
		8856C81E19E9F75B00CBE5A4 /* TLV001_SCR_005b.png */ = {isa = PBXFileReference; lastKnownFileType = image.png; path = TLV001_SCR_005b.png; sourceTree = "<group>"; };
		8856C81F19E9F75B00CBE5A4 /* TLV001_SCR_006.png */ = {isa = PBXFileReference; lastKnownFileType = image.png; path = TLV001_SCR_006.png; sourceTree = "<group>"; };
		8856C82019E9F75B00CBE5A4 /* TLV001_SCR_007.png */ = {isa = PBXFileReference; lastKnownFileType = image.png; path = TLV001_SCR_007.png; sourceTree = "<group>"; };
		8856C82119E9F75B00CBE5A4 /* TLV001_SCR_008.png */ = {isa = PBXFileReference; lastKnownFileType = image.png; path = TLV001_SCR_008.png; sourceTree = "<group>"; };
		8856C82219E9F75B00CBE5A4 /* TLV001_SCR_009.png */ = {isa = PBXFileReference; lastKnownFileType = image.png; path = TLV001_SCR_009.png; sourceTree = "<group>"; };
		8856C82319E9F75B00CBE5A4 /* TLV001_SCR_010.png */ = {isa = PBXFileReference; lastKnownFileType = image.png; path = TLV001_SCR_010.png; sourceTree = "<group>"; };
		8856C82419E9F75B00CBE5A4 /* TLV001_SCR_011.png */ = {isa = PBXFileReference; lastKnownFileType = image.png; path = TLV001_SCR_011.png; sourceTree = "<group>"; };
		8856C82519E9F75B00CBE5A4 /* TLV001_SCR_012.png */ = {isa = PBXFileReference; lastKnownFileType = image.png; path = TLV001_SCR_012.png; sourceTree = "<group>"; };
		8856C82619E9F75B00CBE5A4 /* TLV001_SCR_013.png */ = {isa = PBXFileReference; lastKnownFileType = image.png; path = TLV001_SCR_013.png; sourceTree = "<group>"; };
		8856C82719E9F75B00CBE5A4 /* TLV001_SCR_014.png */ = {isa = PBXFileReference; lastKnownFileType = image.png; path = TLV001_SCR_014.png; sourceTree = "<group>"; };
		8856C82819E9F75B00CBE5A4 /* TLV001_SCR_015.png */ = {isa = PBXFileReference; lastKnownFileType = image.png; path = TLV001_SCR_015.png; sourceTree = "<group>"; };
		8856C82919E9F75B00CBE5A4 /* TLV001_SCR_016.png */ = {isa = PBXFileReference; lastKnownFileType = image.png; path = TLV001_SCR_016.png; sourceTree = "<group>"; };
		8856C84419EA1AF400CBE5A4 /* DAVBaseRequest.h */ = {isa = PBXFileReference; fileEncoding = 4; lastKnownFileType = sourcecode.c.h; path = DAVBaseRequest.h; sourceTree = "<group>"; };
		8856C84519EA1AF400CBE5A4 /* DAVBaseRequest.m */ = {isa = PBXFileReference; fileEncoding = 4; lastKnownFileType = sourcecode.c.objc; path = DAVBaseRequest.m; sourceTree = "<group>"; };
		8856C84619EA1AF400CBE5A4 /* DAVCredentials.h */ = {isa = PBXFileReference; fileEncoding = 4; lastKnownFileType = sourcecode.c.h; path = DAVCredentials.h; sourceTree = "<group>"; };
		8856C84719EA1AF400CBE5A4 /* DAVCredentials.m */ = {isa = PBXFileReference; fileEncoding = 4; lastKnownFileType = sourcecode.c.objc; path = DAVCredentials.m; sourceTree = "<group>"; };
		8856C84819EA1AF400CBE5A4 /* DAVKit.h */ = {isa = PBXFileReference; fileEncoding = 4; lastKnownFileType = sourcecode.c.h; path = DAVKit.h; sourceTree = "<group>"; };
		8856C84919EA1AF400CBE5A4 /* DAVListingParser.h */ = {isa = PBXFileReference; fileEncoding = 4; lastKnownFileType = sourcecode.c.h; path = DAVListingParser.h; sourceTree = "<group>"; };
		8856C84A19EA1AF400CBE5A4 /* DAVListingParser.m */ = {isa = PBXFileReference; fileEncoding = 4; lastKnownFileType = sourcecode.c.objc; path = DAVListingParser.m; sourceTree = "<group>"; };
		8856C84B19EA1AF400CBE5A4 /* DAVRequest+Private.h */ = {isa = PBXFileReference; fileEncoding = 4; lastKnownFileType = sourcecode.c.h; path = "DAVRequest+Private.h"; sourceTree = "<group>"; };
		8856C84C19EA1AF400CBE5A4 /* DAVRequest.h */ = {isa = PBXFileReference; fileEncoding = 4; lastKnownFileType = sourcecode.c.h; path = DAVRequest.h; sourceTree = "<group>"; };
		8856C84D19EA1AF400CBE5A4 /* DAVRequest.m */ = {isa = PBXFileReference; fileEncoding = 4; lastKnownFileType = sourcecode.c.objc; path = DAVRequest.m; sourceTree = "<group>"; };
		8856C84E19EA1AF400CBE5A4 /* DAVRequestGroup.h */ = {isa = PBXFileReference; fileEncoding = 4; lastKnownFileType = sourcecode.c.h; path = DAVRequestGroup.h; sourceTree = "<group>"; };
		8856C84F19EA1AF400CBE5A4 /* DAVRequestGroup.m */ = {isa = PBXFileReference; fileEncoding = 4; lastKnownFileType = sourcecode.c.objc; path = DAVRequestGroup.m; sourceTree = "<group>"; };
		8856C85019EA1AF400CBE5A4 /* DAVRequests.h */ = {isa = PBXFileReference; fileEncoding = 4; lastKnownFileType = sourcecode.c.h; path = DAVRequests.h; sourceTree = "<group>"; };
		8856C85119EA1AF400CBE5A4 /* DAVRequests.m */ = {isa = PBXFileReference; fileEncoding = 4; lastKnownFileType = sourcecode.c.objc; path = DAVRequests.m; sourceTree = "<group>"; };
		8856C85219EA1AF400CBE5A4 /* DAVResponseItem.h */ = {isa = PBXFileReference; fileEncoding = 4; lastKnownFileType = sourcecode.c.h; path = DAVResponseItem.h; sourceTree = "<group>"; };
		8856C85319EA1AF400CBE5A4 /* DAVResponseItem.m */ = {isa = PBXFileReference; fileEncoding = 4; lastKnownFileType = sourcecode.c.objc; path = DAVResponseItem.m; sourceTree = "<group>"; };
		8856C85419EA1AF400CBE5A4 /* DAVSession.h */ = {isa = PBXFileReference; fileEncoding = 4; lastKnownFileType = sourcecode.c.h; path = DAVSession.h; sourceTree = "<group>"; };
		8856C85519EA1AF400CBE5A4 /* DAVSession.m */ = {isa = PBXFileReference; fileEncoding = 4; lastKnownFileType = sourcecode.c.objc; path = DAVSession.m; sourceTree = "<group>"; };
		8856C85719EA1AF400CBE5A4 /* ISO8601DateFormatter.h */ = {isa = PBXFileReference; fileEncoding = 4; lastKnownFileType = sourcecode.c.h; path = ISO8601DateFormatter.h; sourceTree = "<group>"; };
		8856C85819EA1AF400CBE5A4 /* ISO8601DateFormatter.m */ = {isa = PBXFileReference; fileEncoding = 4; lastKnownFileType = sourcecode.c.objc; path = ISO8601DateFormatter.m; sourceTree = "<group>"; };
		8856C85919EA1AF400CBE5A4 /* LICENSE.txt */ = {isa = PBXFileReference; fileEncoding = 4; lastKnownFileType = text; path = LICENSE.txt; sourceTree = "<group>"; };
		8856C85B19EA1AF400CBE5A4 /* NSDateRFC1123.h */ = {isa = PBXFileReference; fileEncoding = 4; lastKnownFileType = sourcecode.c.h; path = NSDateRFC1123.h; sourceTree = "<group>"; };
		8856C85C19EA1AF400CBE5A4 /* NSDateRFC1123.m */ = {isa = PBXFileReference; fileEncoding = 4; lastKnownFileType = sourcecode.c.objc; path = NSDateRFC1123.m; sourceTree = "<group>"; };
		8856C85E19EA1AF400CBE5A4 /* AMkColTest.h */ = {isa = PBXFileReference; fileEncoding = 4; lastKnownFileType = sourcecode.c.h; path = AMkColTest.h; sourceTree = "<group>"; };
		8856C85F19EA1AF400CBE5A4 /* AMkColTest.m */ = {isa = PBXFileReference; fileEncoding = 4; lastKnownFileType = sourcecode.c.objc; path = AMkColTest.m; sourceTree = "<group>"; };
		8856C86019EA1AF400CBE5A4 /* BPutTest.h */ = {isa = PBXFileReference; fileEncoding = 4; lastKnownFileType = sourcecode.c.h; path = BPutTest.h; sourceTree = "<group>"; };
		8856C86119EA1AF400CBE5A4 /* BPutTest.m */ = {isa = PBXFileReference; fileEncoding = 4; lastKnownFileType = sourcecode.c.objc; path = BPutTest.m; sourceTree = "<group>"; };
		8856C86219EA1AF400CBE5A4 /* CGetTest.h */ = {isa = PBXFileReference; fileEncoding = 4; lastKnownFileType = sourcecode.c.h; path = CGetTest.h; sourceTree = "<group>"; };
		8856C86319EA1AF400CBE5A4 /* CGetTest.m */ = {isa = PBXFileReference; fileEncoding = 4; lastKnownFileType = sourcecode.c.objc; path = CGetTest.m; sourceTree = "<group>"; };
		8856C86419EA1AF400CBE5A4 /* DAVTest.h */ = {isa = PBXFileReference; fileEncoding = 4; lastKnownFileType = sourcecode.c.h; path = DAVTest.h; sourceTree = "<group>"; };
		8856C86519EA1AF400CBE5A4 /* DAVTest.m */ = {isa = PBXFileReference; fileEncoding = 4; lastKnownFileType = sourcecode.c.objc; path = DAVTest.m; sourceTree = "<group>"; };
		8856C86619EA1AF400CBE5A4 /* DCopyTest.h */ = {isa = PBXFileReference; fileEncoding = 4; lastKnownFileType = sourcecode.c.h; path = DCopyTest.h; sourceTree = "<group>"; };
		8856C86719EA1AF400CBE5A4 /* DCopyTest.m */ = {isa = PBXFileReference; fileEncoding = 4; lastKnownFileType = sourcecode.c.objc; path = DCopyTest.m; sourceTree = "<group>"; };
		8856C86819EA1AF400CBE5A4 /* EMoveTest.h */ = {isa = PBXFileReference; fileEncoding = 4; lastKnownFileType = sourcecode.c.h; path = EMoveTest.h; sourceTree = "<group>"; };
		8856C86919EA1AF400CBE5A4 /* EMoveTest.m */ = {isa = PBXFileReference; fileEncoding = 4; lastKnownFileType = sourcecode.c.objc; path = EMoveTest.m; sourceTree = "<group>"; };
		8856C86A19EA1AF400CBE5A4 /* FListTest.h */ = {isa = PBXFileReference; fileEncoding = 4; lastKnownFileType = sourcecode.c.h; path = FListTest.h; sourceTree = "<group>"; };
		8856C86B19EA1AF400CBE5A4 /* FListTest.m */ = {isa = PBXFileReference; fileEncoding = 4; lastKnownFileType = sourcecode.c.objc; path = FListTest.m; sourceTree = "<group>"; };
		8856C86C19EA1AF400CBE5A4 /* GDeleteTest.h */ = {isa = PBXFileReference; fileEncoding = 4; lastKnownFileType = sourcecode.c.h; path = GDeleteTest.h; sourceTree = "<group>"; };
		8856C86D19EA1AF400CBE5A4 /* GDeleteTest.m */ = {isa = PBXFileReference; fileEncoding = 4; lastKnownFileType = sourcecode.c.objc; path = GDeleteTest.m; sourceTree = "<group>"; };
/* End PBXFileReference section */

/* Begin PBXFrameworksBuildPhase section */
		88361FB319E48E440084093F /* Frameworks */ = {
			isa = PBXFrameworksBuildPhase;
			buildActionMask = 2147483647;
			files = (
			);
			runOnlyForDeploymentPostprocessing = 0;
		};
		88361FCC19E48E440084093F /* Frameworks */ = {
			isa = PBXFrameworksBuildPhase;
			buildActionMask = 2147483647;
			files = (
			);
			runOnlyForDeploymentPostprocessing = 0;
		};
/* End PBXFrameworksBuildPhase section */

/* Begin PBXGroup section */
		88361FAD19E48E440084093F = {
			isa = PBXGroup;
			children = (
				88361FB819E48E440084093F /* TheLearningVillage */,
				88361FD219E48E440084093F /* TheLearningVillageTests */,
				88361FB719E48E440084093F /* Products */,
			);
			sourceTree = "<group>";
		};
		88361FB719E48E440084093F /* Products */ = {
			isa = PBXGroup;
			children = (
				88361FB619E48E440084093F /* TheLearningVillage.app */,
				88361FCF19E48E440084093F /* TheLearningVillageTests.xctest */,
			);
			name = Products;
			sourceTree = "<group>";
		};
		88361FB819E48E440084093F /* TheLearningVillage */ = {
			isa = PBXGroup;
			children = (
				8856C84219EA1AF400CBE5A4 /* Sources */,
				88361FBD19E48E440084093F /* AppDelegate.h */,
				88361FBE19E48E440084093F /* AppDelegate.m */,
				88361FC019E48E440084093F /* LogInViewController.h */,
				88361FC119E48E440084093F /* LogInViewController.m */,
				88361FC319E48E440084093F /* Main.storyboard */,
				88361FC619E48E440084093F /* Images.xcassets */,
				88361FC819E48E440084093F /* LaunchScreen.xib */,
				88361FB919E48E440084093F /* Supporting Files */,
			);
			path = TheLearningVillage;
			sourceTree = "<group>";
		};
		88361FB919E48E440084093F /* Supporting Files */ = {
			isa = PBXGroup;
			children = (
				8856C81919E9F75B00CBE5A4 /* Images */,
				88361FBA19E48E440084093F /* Info.plist */,
				88361FBB19E48E440084093F /* main.m */,
			);
			name = "Supporting Files";
			sourceTree = "<group>";
		};
		88361FD219E48E440084093F /* TheLearningVillageTests */ = {
			isa = PBXGroup;
			children = (
				88361FD519E48E440084093F /* TheLearningVillageTests.m */,
				88361FD319E48E440084093F /* Supporting Files */,
			);
			path = TheLearningVillageTests;
			sourceTree = "<group>";
		};
		88361FD319E48E440084093F /* Supporting Files */ = {
			isa = PBXGroup;
			children = (
				88361FD419E48E440084093F /* Info.plist */,
			);
			name = "Supporting Files";
			sourceTree = "<group>";
		};
		8856C81919E9F75B00CBE5A4 /* Images */ = {
			isa = PBXGroup;
			children = (
				8856C81A19E9F75B00CBE5A4 /* TLV001_SCR_001.png */,
				8856C81B19E9F75B00CBE5A4 /* TLV001_SCR_002.png */,
				8856C81C19E9F75B00CBE5A4 /* TLV001_SCR_004.png */,
				8856C81D19E9F75B00CBE5A4 /* TLV001_SCR_005.png */,
				8856C81E19E9F75B00CBE5A4 /* TLV001_SCR_005b.png */,
				8856C81F19E9F75B00CBE5A4 /* TLV001_SCR_006.png */,
				8856C82019E9F75B00CBE5A4 /* TLV001_SCR_007.png */,
				8856C82119E9F75B00CBE5A4 /* TLV001_SCR_008.png */,
				8856C82219E9F75B00CBE5A4 /* TLV001_SCR_009.png */,
				8856C82319E9F75B00CBE5A4 /* TLV001_SCR_010.png */,
				8856C82419E9F75B00CBE5A4 /* TLV001_SCR_011.png */,
				8856C82519E9F75B00CBE5A4 /* TLV001_SCR_012.png */,
				8856C82619E9F75B00CBE5A4 /* TLV001_SCR_013.png */,
				8856C82719E9F75B00CBE5A4 /* TLV001_SCR_014.png */,
				8856C82819E9F75B00CBE5A4 /* TLV001_SCR_015.png */,
				8856C82919E9F75B00CBE5A4 /* TLV001_SCR_016.png */,
			);
			name = Images;
			path = TLV_App_Overview;
			sourceTree = "<group>";
		};
		8856C84219EA1AF400CBE5A4 /* Sources */ = {
			isa = PBXGroup;
			children = (
				8856C84319EA1AF400CBE5A4 /* Core */,
				8856C85619EA1AF400CBE5A4 /* ISO8601 */,
				8856C85A19EA1AF400CBE5A4 /* RFC1123 */,
				8856C85D19EA1AF400CBE5A4 /* Tests */,
			);
			path = Sources;
			sourceTree = "<group>";
		};
		8856C84319EA1AF400CBE5A4 /* Core */ = {
			isa = PBXGroup;
			children = (
				8856C84419EA1AF400CBE5A4 /* DAVBaseRequest.h */,
				8856C84519EA1AF400CBE5A4 /* DAVBaseRequest.m */,
				8856C84619EA1AF400CBE5A4 /* DAVCredentials.h */,
				8856C84719EA1AF400CBE5A4 /* DAVCredentials.m */,
				8856C84819EA1AF400CBE5A4 /* DAVKit.h */,
				8856C84919EA1AF400CBE5A4 /* DAVListingParser.h */,
				8856C84A19EA1AF400CBE5A4 /* DAVListingParser.m */,
				8856C84B19EA1AF400CBE5A4 /* DAVRequest+Private.h */,
				8856C84C19EA1AF400CBE5A4 /* DAVRequest.h */,
				8856C84D19EA1AF400CBE5A4 /* DAVRequest.m */,
				8856C84E19EA1AF400CBE5A4 /* DAVRequestGroup.h */,
				8856C84F19EA1AF400CBE5A4 /* DAVRequestGroup.m */,
				8856C85019EA1AF400CBE5A4 /* DAVRequests.h */,
				8856C85119EA1AF400CBE5A4 /* DAVRequests.m */,
				8856C85219EA1AF400CBE5A4 /* DAVResponseItem.h */,
				8856C85319EA1AF400CBE5A4 /* DAVResponseItem.m */,
				8856C85419EA1AF400CBE5A4 /* DAVSession.h */,
				8856C85519EA1AF400CBE5A4 /* DAVSession.m */,
			);
			path = Core;
			sourceTree = "<group>";
		};
		8856C85619EA1AF400CBE5A4 /* ISO8601 */ = {
			isa = PBXGroup;
			children = (
				8856C85719EA1AF400CBE5A4 /* ISO8601DateFormatter.h */,
				8856C85819EA1AF400CBE5A4 /* ISO8601DateFormatter.m */,
				8856C85919EA1AF400CBE5A4 /* LICENSE.txt */,
			);
			path = ISO8601;
			sourceTree = "<group>";
		};
		8856C85A19EA1AF400CBE5A4 /* RFC1123 */ = {
			isa = PBXGroup;
			children = (
				8856C85B19EA1AF400CBE5A4 /* NSDateRFC1123.h */,
				8856C85C19EA1AF400CBE5A4 /* NSDateRFC1123.m */,
			);
			path = RFC1123;
			sourceTree = "<group>";
		};
		8856C85D19EA1AF400CBE5A4 /* Tests */ = {
			isa = PBXGroup;
			children = (
				8856C85E19EA1AF400CBE5A4 /* AMkColTest.h */,
				8856C85F19EA1AF400CBE5A4 /* AMkColTest.m */,
				8856C86019EA1AF400CBE5A4 /* BPutTest.h */,
				8856C86119EA1AF400CBE5A4 /* BPutTest.m */,
				8856C86219EA1AF400CBE5A4 /* CGetTest.h */,
				8856C86319EA1AF400CBE5A4 /* CGetTest.m */,
				8856C86419EA1AF400CBE5A4 /* DAVTest.h */,
				8856C86519EA1AF400CBE5A4 /* DAVTest.m */,
				8856C86619EA1AF400CBE5A4 /* DCopyTest.h */,
				8856C86719EA1AF400CBE5A4 /* DCopyTest.m */,
				8856C86819EA1AF400CBE5A4 /* EMoveTest.h */,
				8856C86919EA1AF400CBE5A4 /* EMoveTest.m */,
				8856C86A19EA1AF400CBE5A4 /* FListTest.h */,
				8856C86B19EA1AF400CBE5A4 /* FListTest.m */,
				8856C86C19EA1AF400CBE5A4 /* GDeleteTest.h */,
				8856C86D19EA1AF400CBE5A4 /* GDeleteTest.m */,
			);
			path = Tests;
			sourceTree = "<group>";
		};
/* End PBXGroup section */

/* Begin PBXNativeTarget section */
		88361FB519E48E440084093F /* TheLearningVillage */ = {
			isa = PBXNativeTarget;
			buildConfigurationList = 88361FD919E48E440084093F /* Build configuration list for PBXNativeTarget "TheLearningVillage" */;
			buildPhases = (
				88361FB219E48E440084093F /* Sources */,
				88361FB319E48E440084093F /* Frameworks */,
				88361FB419E48E440084093F /* Resources */,
			);
			buildRules = (
			);
			dependencies = (
			);
			name = TheLearningVillage;
			productName = TheLearningVillage;
			productReference = 88361FB619E48E440084093F /* TheLearningVillage.app */;
			productType = "com.apple.product-type.application";
		};
		88361FCE19E48E440084093F /* TheLearningVillageTests */ = {
			isa = PBXNativeTarget;
			buildConfigurationList = 88361FDC19E48E440084093F /* Build configuration list for PBXNativeTarget "TheLearningVillageTests" */;
			buildPhases = (
				88361FCB19E48E440084093F /* Sources */,
				88361FCC19E48E440084093F /* Frameworks */,
				88361FCD19E48E440084093F /* Resources */,
			);
			buildRules = (
			);
			dependencies = (
				88361FD119E48E440084093F /* PBXTargetDependency */,
			);
			name = TheLearningVillageTests;
			productName = TheLearningVillageTests;
			productReference = 88361FCF19E48E440084093F /* TheLearningVillageTests.xctest */;
			productType = "com.apple.product-type.bundle.unit-test";
		};
/* End PBXNativeTarget section */

/* Begin PBXProject section */
		88361FAE19E48E440084093F /* Project object */ = {
			isa = PBXProject;
			attributes = {
				LastUpgradeCheck = 0600;
				ORGANIZATIONNAME = MostBeastlyStudios;
				TargetAttributes = {
					88361FB519E48E440084093F = {
						CreatedOnToolsVersion = 6.0;
					};
					88361FCE19E48E440084093F = {
						CreatedOnToolsVersion = 6.0;
						TestTargetID = 88361FB519E48E440084093F;
					};
				};
			};
			buildConfigurationList = 88361FB119E48E440084093F /* Build configuration list for PBXProject "TheLearningVillage" */;
			compatibilityVersion = "Xcode 3.2";
			developmentRegion = English;
			hasScannedForEncodings = 0;
			knownRegions = (
				en,
				Base,
			);
			mainGroup = 88361FAD19E48E440084093F;
			productRefGroup = 88361FB719E48E440084093F /* Products */;
			projectDirPath = "";
			projectRoot = "";
			targets = (
				88361FB519E48E440084093F /* TheLearningVillage */,
				88361FCE19E48E440084093F /* TheLearningVillageTests */,
			);
		};
/* End PBXProject section */

/* Begin PBXResourcesBuildPhase section */
		88361FB419E48E440084093F /* Resources */ = {
			isa = PBXResourcesBuildPhase;
			buildActionMask = 2147483647;
			files = (
				88361FC519E48E440084093F /* Main.storyboard in Resources */,
				8856C83119E9F75B00CBE5A4 /* TLV001_SCR_008.png in Resources */,
				8856C83419E9F75B00CBE5A4 /* TLV001_SCR_011.png in Resources */,
				88361FCA19E48E440084093F /* LaunchScreen.xib in Resources */,
				8856C83819E9F75B00CBE5A4 /* TLV001_SCR_015.png in Resources */,
				8856C82E19E9F75B00CBE5A4 /* TLV001_SCR_005b.png in Resources */,
				8856C82B19E9F75B00CBE5A4 /* TLV001_SCR_002.png in Resources */,
				8856C83619E9F75B00CBE5A4 /* TLV001_SCR_013.png in Resources */,
				8856C87719EA1AF400CBE5A4 /* LICENSE.txt in Resources */,
				88361FC719E48E440084093F /* Images.xcassets in Resources */,
				8856C83519E9F75B00CBE5A4 /* TLV001_SCR_012.png in Resources */,
				8856C82C19E9F75B00CBE5A4 /* TLV001_SCR_004.png in Resources */,
				8856C82D19E9F75B00CBE5A4 /* TLV001_SCR_005.png in Resources */,
				8856C83719E9F75B00CBE5A4 /* TLV001_SCR_014.png in Resources */,
				8856C83019E9F75B00CBE5A4 /* TLV001_SCR_007.png in Resources */,
				8856C82A19E9F75B00CBE5A4 /* TLV001_SCR_001.png in Resources */,
				8856C83319E9F75B00CBE5A4 /* TLV001_SCR_010.png in Resources */,
				8856C82F19E9F75B00CBE5A4 /* TLV001_SCR_006.png in Resources */,
				8856C83919E9F75B00CBE5A4 /* TLV001_SCR_016.png in Resources */,
				8856C83219E9F75B00CBE5A4 /* TLV001_SCR_009.png in Resources */,
			);
			runOnlyForDeploymentPostprocessing = 0;
		};
		88361FCD19E48E440084093F /* Resources */ = {
			isa = PBXResourcesBuildPhase;
			buildActionMask = 2147483647;
			files = (
			);
			runOnlyForDeploymentPostprocessing = 0;
		};
/* End PBXResourcesBuildPhase section */

/* Begin PBXSourcesBuildPhase section */
		88361FB219E48E440084093F /* Sources */ = {
			isa = PBXSourcesBuildPhase;
			buildActionMask = 2147483647;
			files = (
				8856C87F19EA1AF400CBE5A4 /* FListTest.m in Sources */,
				88361FC219E48E440084093F /* LogInViewController.m in Sources */,
				8856C87819EA1AF400CBE5A4 /* NSDateRFC1123.m in Sources */,
				8856C87619EA1AF400CBE5A4 /* ISO8601DateFormatter.m in Sources */,
				8856C87E19EA1AF400CBE5A4 /* EMoveTest.m in Sources */,
				8856C87419EA1AF400CBE5A4 /* DAVResponseItem.m in Sources */,
				8856C87C19EA1AF400CBE5A4 /* DAVTest.m in Sources */,
				8856C87919EA1AF400CBE5A4 /* AMkColTest.m in Sources */,
				8856C87A19EA1AF400CBE5A4 /* BPutTest.m in Sources */,
				8856C87D19EA1AF400CBE5A4 /* DCopyTest.m in Sources */,
				88361FBF19E48E440084093F /* AppDelegate.m in Sources */,
				8856C86E19EA1AF400CBE5A4 /* DAVBaseRequest.m in Sources */,
				8856C87B19EA1AF400CBE5A4 /* CGetTest.m in Sources */,
				8856C87319EA1AF400CBE5A4 /* DAVRequests.m in Sources */,
				8856C87019EA1AF400CBE5A4 /* DAVListingParser.m in Sources */,
				8856C88019EA1AF400CBE5A4 /* GDeleteTest.m in Sources */,
				8856C86F19EA1AF400CBE5A4 /* DAVCredentials.m in Sources */,
				8856C87219EA1AF400CBE5A4 /* DAVRequestGroup.m in Sources */,
				8856C87119EA1AF400CBE5A4 /* DAVRequest.m in Sources */,
				88361FBC19E48E440084093F /* main.m in Sources */,
				8856C87519EA1AF400CBE5A4 /* DAVSession.m in Sources */,
			);
			runOnlyForDeploymentPostprocessing = 0;
		};
		88361FCB19E48E440084093F /* Sources */ = {
			isa = PBXSourcesBuildPhase;
			buildActionMask = 2147483647;
			files = (
				88361FD619E48E440084093F /* TheLearningVillageTests.m in Sources */,
			);
			runOnlyForDeploymentPostprocessing = 0;
		};
/* End PBXSourcesBuildPhase section */

/* Begin PBXTargetDependency section */
		88361FD119E48E440084093F /* PBXTargetDependency */ = {
			isa = PBXTargetDependency;
			target = 88361FB519E48E440084093F /* TheLearningVillage */;
			targetProxy = 88361FD019E48E440084093F /* PBXContainerItemProxy */;
		};
/* End PBXTargetDependency section */

/* Begin PBXVariantGroup section */
		88361FC319E48E440084093F /* Main.storyboard */ = {
			isa = PBXVariantGroup;
			children = (
				88361FC419E48E440084093F /* Base */,
			);
			name = Main.storyboard;
			sourceTree = "<group>";
		};
		88361FC819E48E440084093F /* LaunchScreen.xib */ = {
			isa = PBXVariantGroup;
			children = (
				88361FC919E48E440084093F /* Base */,
			);
			name = LaunchScreen.xib;
			sourceTree = "<group>";
		};
/* End PBXVariantGroup section */

/* Begin XCBuildConfiguration section */
		88361FD719E48E440084093F /* Debug */ = {
			isa = XCBuildConfiguration;
			buildSettings = {
				ALWAYS_SEARCH_USER_PATHS = NO;
				CLANG_CXX_LANGUAGE_STANDARD = "gnu++0x";
				CLANG_CXX_LIBRARY = "libc++";
				CLANG_ENABLE_MODULES = YES;
				CLANG_ENABLE_OBJC_ARC = YES;
				CLANG_WARN_BOOL_CONVERSION = YES;
				CLANG_WARN_CONSTANT_CONVERSION = YES;
				CLANG_WARN_DIRECT_OBJC_ISA_USAGE = YES_ERROR;
				CLANG_WARN_EMPTY_BODY = YES;
				CLANG_WARN_ENUM_CONVERSION = YES;
				CLANG_WARN_INT_CONVERSION = YES;
				CLANG_WARN_OBJC_ROOT_CLASS = YES_ERROR;
				CLANG_WARN_UNREACHABLE_CODE = YES;
				CLANG_WARN__DUPLICATE_METHOD_MATCH = YES;
				"CODE_SIGN_IDENTITY[sdk=iphoneos*]" = "iPhone Developer";
				COPY_PHASE_STRIP = NO;
				ENABLE_STRICT_OBJC_MSGSEND = YES;
				GCC_C_LANGUAGE_STANDARD = gnu99;
				GCC_DYNAMIC_NO_PIC = NO;
				GCC_OPTIMIZATION_LEVEL = 0;
				GCC_PREPROCESSOR_DEFINITIONS = (
					"DEBUG=1",
					"$(inherited)",
				);
				GCC_SYMBOLS_PRIVATE_EXTERN = NO;
				GCC_WARN_64_TO_32_BIT_CONVERSION = YES;
				GCC_WARN_ABOUT_RETURN_TYPE = YES_ERROR;
				GCC_WARN_UNDECLARED_SELECTOR = YES;
				GCC_WARN_UNINITIALIZED_AUTOS = YES_AGGRESSIVE;
				GCC_WARN_UNUSED_FUNCTION = YES;
				GCC_WARN_UNUSED_VARIABLE = YES;
				IPHONEOS_DEPLOYMENT_TARGET = 8.0;
				MTL_ENABLE_DEBUG_INFO = YES;
				ONLY_ACTIVE_ARCH = YES;
				SDKROOT = iphoneos;
				TARGETED_DEVICE_FAMILY = 2;
			};
			name = Debug;
		};
		88361FD819E48E440084093F /* Release */ = {
			isa = XCBuildConfiguration;
			buildSettings = {
				ALWAYS_SEARCH_USER_PATHS = NO;
				CLANG_CXX_LANGUAGE_STANDARD = "gnu++0x";
				CLANG_CXX_LIBRARY = "libc++";
				CLANG_ENABLE_MODULES = YES;
				CLANG_ENABLE_OBJC_ARC = YES;
				CLANG_WARN_BOOL_CONVERSION = YES;
				CLANG_WARN_CONSTANT_CONVERSION = YES;
				CLANG_WARN_DIRECT_OBJC_ISA_USAGE = YES_ERROR;
				CLANG_WARN_EMPTY_BODY = YES;
				CLANG_WARN_ENUM_CONVERSION = YES;
				CLANG_WARN_INT_CONVERSION = YES;
				CLANG_WARN_OBJC_ROOT_CLASS = YES_ERROR;
				CLANG_WARN_UNREACHABLE_CODE = YES;
				CLANG_WARN__DUPLICATE_METHOD_MATCH = YES;
				"CODE_SIGN_IDENTITY[sdk=iphoneos*]" = "iPhone Developer";
				COPY_PHASE_STRIP = YES;
				ENABLE_NS_ASSERTIONS = NO;
				ENABLE_STRICT_OBJC_MSGSEND = YES;
				GCC_C_LANGUAGE_STANDARD = gnu99;
				GCC_WARN_64_TO_32_BIT_CONVERSION = YES;
				GCC_WARN_ABOUT_RETURN_TYPE = YES_ERROR;
				GCC_WARN_UNDECLARED_SELECTOR = YES;
				GCC_WARN_UNINITIALIZED_AUTOS = YES_AGGRESSIVE;
				GCC_WARN_UNUSED_FUNCTION = YES;
				GCC_WARN_UNUSED_VARIABLE = YES;
				IPHONEOS_DEPLOYMENT_TARGET = 8.0;
				MTL_ENABLE_DEBUG_INFO = NO;
				SDKROOT = iphoneos;
				TARGETED_DEVICE_FAMILY = 2;
				VALIDATE_PRODUCT = YES;
			};
			name = Release;
		};
		88361FDA19E48E440084093F /* Debug */ = {
			isa = XCBuildConfiguration;
			buildSettings = {
				ASSETCATALOG_COMPILER_APPICON_NAME = AppIcon;
				FRAMEWORK_SEARCH_PATHS = (
					"$(inherited)",
					"$(PROJECT_DIR)",
				);
				INFOPLIST_FILE = TheLearningVillage/Info.plist;
				IPHONEOS_DEPLOYMENT_TARGET = 8.0;
				LD_RUNPATH_SEARCH_PATHS = "$(inherited) @executable_path/Frameworks";
				PRODUCT_NAME = "$(TARGET_NAME)";
			};
			name = Debug;
		};
		88361FDB19E48E440084093F /* Release */ = {
			isa = XCBuildConfiguration;
			buildSettings = {
				ASSETCATALOG_COMPILER_APPICON_NAME = AppIcon;
				FRAMEWORK_SEARCH_PATHS = (
					"$(inherited)",
					"$(PROJECT_DIR)",
				);
				INFOPLIST_FILE = TheLearningVillage/Info.plist;
				IPHONEOS_DEPLOYMENT_TARGET = 8.0;
				LD_RUNPATH_SEARCH_PATHS = "$(inherited) @executable_path/Frameworks";
				PRODUCT_NAME = "$(TARGET_NAME)";
			};
			name = Release;
		};
		88361FDD19E48E440084093F /* Debug */ = {
			isa = XCBuildConfiguration;
			buildSettings = {
				BUNDLE_LOADER = "$(TEST_HOST)";
				FRAMEWORK_SEARCH_PATHS = (
					"$(SDKROOT)/Developer/Library/Frameworks",
					"$(inherited)",
				);
				GCC_PREPROCESSOR_DEFINITIONS = (
					"DEBUG=1",
					"$(inherited)",
				);
				INFOPLIST_FILE = TheLearningVillageTests/Info.plist;
				LD_RUNPATH_SEARCH_PATHS = "$(inherited) @executable_path/Frameworks @loader_path/Frameworks";
				PRODUCT_NAME = "$(TARGET_NAME)";
				TEST_HOST = "$(BUILT_PRODUCTS_DIR)/TheLearningVillage.app/TheLearningVillage";
			};
			name = Debug;
		};
		88361FDE19E48E440084093F /* Release */ = {
			isa = XCBuildConfiguration;
			buildSettings = {
				BUNDLE_LOADER = "$(TEST_HOST)";
				FRAMEWORK_SEARCH_PATHS = (
					"$(SDKROOT)/Developer/Library/Frameworks",
					"$(inherited)",
				);
				INFOPLIST_FILE = TheLearningVillageTests/Info.plist;
				LD_RUNPATH_SEARCH_PATHS = "$(inherited) @executable_path/Frameworks @loader_path/Frameworks";
				PRODUCT_NAME = "$(TARGET_NAME)";
				TEST_HOST = "$(BUILT_PRODUCTS_DIR)/TheLearningVillage.app/TheLearningVillage";
			};
			name = Release;
		};
/* End XCBuildConfiguration section */

/* Begin XCConfigurationList section */
		88361FB119E48E440084093F /* Build configuration list for PBXProject "TheLearningVillage" */ = {
			isa = XCConfigurationList;
			buildConfigurations = (
				88361FD719E48E440084093F /* Debug */,
				88361FD819E48E440084093F /* Release */,
			);
			defaultConfigurationIsVisible = 0;
			defaultConfigurationName = Release;
		};
		88361FD919E48E440084093F /* Build configuration list for PBXNativeTarget "TheLearningVillage" */ = {
			isa = XCConfigurationList;
			buildConfigurations = (
				88361FDA19E48E440084093F /* Debug */,
				88361FDB19E48E440084093F /* Release */,
			);
			defaultConfigurationIsVisible = 0;
			defaultConfigurationName = Release;
		};
		88361FDC19E48E440084093F /* Build configuration list for PBXNativeTarget "TheLearningVillageTests" */ = {
			isa = XCConfigurationList;
			buildConfigurations = (
				88361FDD19E48E440084093F /* Debug */,
				88361FDE19E48E440084093F /* Release */,
			);
			defaultConfigurationIsVisible = 0;
			defaultConfigurationName = Release;
		};
/* End XCConfigurationList section */
	};
	rootObject = 88361FAE19E48E440084093F /* Project object */;
}
